
Microsoft Visual Studio Solution File, Format Version 12.00
# Visual Studio 15
VisualStudioVersion = 15.0.27130.2036
MinimumVisualStudioVersion = 10.0.40219.1
Project("{FAE04EC0-301F-11D3-BF4B-00C04F79EFBC}") = "PeopleFluentProject", "PeopleFluentProject\PeopleFluentProject.csproj", "{B62271D3-7B6E-4CE9-8A14-4C2635A6CB63}"
EndProject
Global
	GlobalSection(SolutionConfigurationPlatforms) = preSolution
		Debug|Any CPU = Debug|Any CPU
		Release|Any CPU = Release|Any CPU
	EndGlobalSection
	GlobalSection(ProjectConfigurationPlatforms) = postSolution
		{B62271D3-7B6E-4CE9-8A14-4C2635A6CB63}.Debug|Any CPU.ActiveCfg = Debug|Any CPU
		{B62271D3-7B6E-4CE9-8A14-4C2635A6CB63}.Debug|Any CPU.Build.0 = Debug|Any CPU
		{B62271D3-7B6E-4CE9-8A14-4C2635A6CB63}.Release|Any CPU.ActiveCfg = Release|Any CPU
		{B62271D3-7B6E-4CE9-8A14-4C2635A6CB63}.Release|Any CPU.Build.0 = Release|Any CPU
	EndGlobalSection
	GlobalSection(SolutionProperties) = preSolution
		HideSolutionNode = FALSE
	EndGlobalSection
	GlobalSection(ExtensibilityGlobals) = postSolution
		SolutionGuid = {8954D67A-2FFE-4AF4-9F4D-34887CA33FCC}
	EndGlobalSection
EndGlobal
